
Microsoft Visual Studio Solution File, Format Version 12.00
# Visual Studio 14
VisualStudioVersion = 14.0.24720.0
MinimumVisualStudioVersion = 10.0.40219.1
Project("{2150E333-8FDC-42A3-9474-1A3956D46DE8}") = "AppointmentScheduling", "AppointmentScheduling", "{FE121FB7-6937-4AF6-A383-A1548FC5D375}"
EndProject
Project("{2150E333-8FDC-42A3-9474-1A3956D46DE8}") = "ClientPatientManagement", "ClientPatientManagement", "{D94E1285-3841-4D2D-9423-B8E15C000E20}"
EndProject
Project("{2150E333-8FDC-42A3-9474-1A3956D46DE8}") = "ResourceScheduling", "ResourceScheduling", "{855A0553-8E98-48D4-9C6E-80CE70ABCEB8}"
	ProjectSection(SolutionItems) = preProject
		README.txt = README.txt
	EndProjectSection
EndProject
Project("{2150E333-8FDC-42A3-9474-1A3956D46DE8}") = "SharedDatabaseManagementTools", "SharedDatabaseManagementTools", "{FB6BE0D4-E953-45BE-A7F6-D14D26853054}"
EndProject
Project("{2150E333-8FDC-42A3-9474-1A3956D46DE8}") = "SharedKernel", "SharedKernel", "{F5347499-EBEB-47A9-A385-30E0F5FFB78F}"
EndProject
Project("{FAE04EC0-301F-11D3-BF4B-00C04F79EFBC}") = "FrontDesk.Web", "FrontDesk.Web\FrontDesk.Web.csproj", "{157922D5-F2F8-4FA6-98D6-E4CF53A72E09}"
EndProject
Project("{FAE04EC0-301F-11D3-BF4B-00C04F79EFBC}") = "FrontDesk.SharedKernel", "FrontDesk.SharedKernel\FrontDesk.SharedKernel.csproj", "{E13D686C-1E41-4AD8-B41B-D4E06FC85E91}"
EndProject
Project("{FAE04EC0-301F-11D3-BF4B-00C04F79EFBC}") = "ClientPatientManagement.Core", "ClientPatientManagement.Core\ClientPatientManagement.Core.csproj", "{775DB3F4-D4B9-4F41-886A-17E1DCD4BA91}"
EndProject
Project("{FAE04EC0-301F-11D3-BF4B-00C04F79EFBC}") = "ClientPatientManagement.Data", "ClientPatientManagement.Data\ClientPatientManagement.Data.csproj", "{EE4C3854-BCEC-4841-A58E-744F3C894E32}"
EndProject
Project("{FAE04EC0-301F-11D3-BF4B-00C04F79EFBC}") = "ClientPatientManagement.UnitTests", "ClientPatientManagement.UnitTests\ClientPatientManagement.UnitTests.csproj", "{7929C025-4074-4453-B14E-46EE1406AE6D}"
EndProject
Project("{2150E333-8FDC-42A3-9474-1A3956D46DE8}") = "Infrastructure", "Infrastructure", "{D97C3BE0-507D-4BA3-BF8F-13D0E38F0034}"
EndProject
Project("{FAE04EC0-301F-11D3-BF4B-00C04F79EFBC}") = "AppointmentScheduling.Core", "AppointmentScheduling.Core\AppointmentScheduling.Core.csproj", "{6B735D7E-4B89-4EDE-B37D-09FB9923373F}"
EndProject
Project("{FAE04EC0-301F-11D3-BF4B-00C04F79EFBC}") = "AppointmentScheduling.UnitTests", "AppointmentScheduling.UnitTests\AppointmentScheduling.UnitTests.csproj", "{57EFD69E-5600-49FB-AFE0-E46ABE6D5A39}"
EndProject
Global
	GlobalSection(SolutionConfigurationPlatforms) = preSolution
		Debug|Any CPU = Debug|Any CPU
		Debug|ARM = Debug|ARM
		Debug|x64 = Debug|x64
		Debug|x86 = Debug|x86
		Release|Any CPU = Release|Any CPU
		Release|ARM = Release|ARM
		Release|x64 = Release|x64
		Release|x86 = Release|x86
	EndGlobalSection
	GlobalSection(ProjectConfigurationPlatforms) = postSolution
		{157922D5-F2F8-4FA6-98D6-E4CF53A72E09}.Debug|Any CPU.ActiveCfg = Debug|Any CPU
		{157922D5-F2F8-4FA6-98D6-E4CF53A72E09}.Debug|Any CPU.Build.0 = Debug|Any CPU
		{157922D5-F2F8-4FA6-98D6-E4CF53A72E09}.Debug|ARM.ActiveCfg = Debug|Any CPU
		{157922D5-F2F8-4FA6-98D6-E4CF53A72E09}.Debug|ARM.Build.0 = Debug|Any CPU
		{157922D5-F2F8-4FA6-98D6-E4CF53A72E09}.Debug|x64.ActiveCfg = Debug|Any CPU
		{157922D5-F2F8-4FA6-98D6-E4CF53A72E09}.Debug|x64.Build.0 = Debug|Any CPU
		{157922D5-F2F8-4FA6-98D6-E4CF53A72E09}.Debug|x86.ActiveCfg = Debug|Any CPU
		{157922D5-F2F8-4FA6-98D6-E4CF53A72E09}.Debug|x86.Build.0 = Debug|Any CPU
		{157922D5-F2F8-4FA6-98D6-E4CF53A72E09}.Release|Any CPU.ActiveCfg = Release|Any CPU
		{157922D5-F2F8-4FA6-98D6-E4CF53A72E09}.Release|Any CPU.Build.0 = Release|Any CPU
		{157922D5-F2F8-4FA6-98D6-E4CF53A72E09}.Release|ARM.ActiveCfg = Release|Any CPU
		{157922D5-F2F8-4FA6-98D6-E4CF53A72E09}.Release|ARM.Build.0 = Release|Any CPU
		{157922D5-F2F8-4FA6-98D6-E4CF53A72E09}.Release|x64.ActiveCfg = Release|Any CPU
		{157922D5-F2F8-4FA6-98D6-E4CF53A72E09}.Release|x64.Build.0 = Release|Any CPU
		{157922D5-F2F8-4FA6-98D6-E4CF53A72E09}.Release|x86.ActiveCfg = Release|Any CPU
		{157922D5-F2F8-4FA6-98D6-E4CF53A72E09}.Release|x86.Build.0 = Release|Any CPU
		{E13D686C-1E41-4AD8-B41B-D4E06FC85E91}.Debug|Any CPU.ActiveCfg = Debug|Any CPU
		{E13D686C-1E41-4AD8-B41B-D4E06FC85E91}.Debug|Any CPU.Build.0 = Debug|Any CPU
		{E13D686C-1E41-4AD8-B41B-D4E06FC85E91}.Debug|ARM.ActiveCfg = Debug|Any CPU
		{E13D686C-1E41-4AD8-B41B-D4E06FC85E91}.Debug|ARM.Build.0 = Debug|Any CPU
		{E13D686C-1E41-4AD8-B41B-D4E06FC85E91}.Debug|x64.ActiveCfg = Debug|Any CPU
		{E13D686C-1E41-4AD8-B41B-D4E06FC85E91}.Debug|x64.Build.0 = Debug|Any CPU
		{E13D686C-1E41-4AD8-B41B-D4E06FC85E91}.Debug|x86.ActiveCfg = Debug|Any CPU
		{E13D686C-1E41-4AD8-B41B-D4E06FC85E91}.Debug|x86.Build.0 = Debug|Any CPU
		{E13D686C-1E41-4AD8-B41B-D4E06FC85E91}.Release|Any CPU.ActiveCfg = Release|Any CPU
		{E13D686C-1E41-4AD8-B41B-D4E06FC85E91}.Release|Any CPU.Build.0 = Release|Any CPU
		{E13D686C-1E41-4AD8-B41B-D4E06FC85E91}.Release|ARM.ActiveCfg = Release|Any CPU
		{E13D686C-1E41-4AD8-B41B-D4E06FC85E91}.Release|ARM.Build.0 = Release|Any CPU
		{E13D686C-1E41-4AD8-B41B-D4E06FC85E91}.Release|x64.ActiveCfg = Release|Any CPU
		{E13D686C-1E41-4AD8-B41B-D4E06FC85E91}.Release|x64.Build.0 = Release|Any CPU
		{E13D686C-1E41-4AD8-B41B-D4E06FC85E91}.Release|x86.ActiveCfg = Release|Any CPU
		{E13D686C-1E41-4AD8-B41B-D4E06FC85E91}.Release|x86.Build.0 = Release|Any CPU
		{775DB3F4-D4B9-4F41-886A-17E1DCD4BA91}.Debug|Any CPU.ActiveCfg = Debug|Any CPU
		{775DB3F4-D4B9-4F41-886A-17E1DCD4BA91}.Debug|Any CPU.Build.0 = Debug|Any CPU
		{775DB3F4-D4B9-4F41-886A-17E1DCD4BA91}.Debug|ARM.ActiveCfg = Debug|Any CPU
		{775DB3F4-D4B9-4F41-886A-17E1DCD4BA91}.Debug|ARM.Build.0 = Debug|Any CPU
		{775DB3F4-D4B9-4F41-886A-17E1DCD4BA91}.Debug|x64.ActiveCfg = Debug|Any CPU
		{775DB3F4-D4B9-4F41-886A-17E1DCD4BA91}.Debug|x64.Build.0 = Debug|Any CPU
		{775DB3F4-D4B9-4F41-886A-17E1DCD4BA91}.Debug|x86.ActiveCfg = Debug|Any CPU
		{775DB3F4-D4B9-4F41-886A-17E1DCD4BA91}.Debug|x86.Build.0 = Debug|Any CPU
		{775DB3F4-D4B9-4F41-886A-17E1DCD4BA91}.Release|Any CPU.ActiveCfg = Release|Any CPU
		{775DB3F4-D4B9-4F41-886A-17E1DCD4BA91}.Release|Any CPU.Build.0 = Release|Any CPU
		{775DB3F4-D4B9-4F41-886A-17E1DCD4BA91}.Release|ARM.ActiveCfg = Release|Any CPU
		{775DB3F4-D4B9-4F41-886A-17E1DCD4BA91}.Release|ARM.Build.0 = Release|Any CPU
		{775DB3F4-D4B9-4F41-886A-17E1DCD4BA91}.Release|x64.ActiveCfg = Release|Any CPU
		{775DB3F4-D4B9-4F41-886A-17E1DCD4BA91}.Release|x64.Build.0 = Release|Any CPU
		{775DB3F4-D4B9-4F41-886A-17E1DCD4BA91}.Release|x86.ActiveCfg = Release|Any CPU
		{775DB3F4-D4B9-4F41-886A-17E1DCD4BA91}.Release|x86.Build.0 = Release|Any CPU
		{EE4C3854-BCEC-4841-A58E-744F3C894E32}.Debug|Any CPU.ActiveCfg = Debug|Any CPU
		{EE4C3854-BCEC-4841-A58E-744F3C894E32}.Debug|Any CPU.Build.0 = Debug|Any CPU
		{EE4C3854-BCEC-4841-A58E-744F3C894E32}.Debug|ARM.ActiveCfg = Debug|Any CPU
		{EE4C3854-BCEC-4841-A58E-744F3C894E32}.Debug|ARM.Build.0 = Debug|Any CPU
		{EE4C3854-BCEC-4841-A58E-744F3C894E32}.Debug|x64.ActiveCfg = Debug|Any CPU
		{EE4C3854-BCEC-4841-A58E-744F3C894E32}.Debug|x64.Build.0 = Debug|Any CPU
		{EE4C3854-BCEC-4841-A58E-744F3C894E32}.Debug|x86.ActiveCfg = Debug|Any CPU
		{EE4C3854-BCEC-4841-A58E-744F3C894E32}.Debug|x86.Build.0 = Debug|Any CPU
		{EE4C3854-BCEC-4841-A58E-744F3C894E32}.Release|Any CPU.ActiveCfg = Release|Any CPU
		{EE4C3854-BCEC-4841-A58E-744F3C894E32}.Release|Any CPU.Build.0 = Release|Any CPU
		{EE4C3854-BCEC-4841-A58E-744F3C894E32}.Release|ARM.ActiveCfg = Release|Any CPU
		{EE4C3854-BCEC-4841-A58E-744F3C894E32}.Release|ARM.Build.0 = Release|Any CPU
		{EE4C3854-BCEC-4841-A58E-744F3C894E32}.Release|x64.ActiveCfg = Release|Any CPU
		{EE4C3854-BCEC-4841-A58E-744F3C894E32}.Release|x64.Build.0 = Release|Any CPU
		{EE4C3854-BCEC-4841-A58E-744F3C894E32}.Release|x86.ActiveCfg = Release|Any CPU
		{EE4C3854-BCEC-4841-A58E-744F3C894E32}.Release|x86.Build.0 = Release|Any CPU
		{7929C025-4074-4453-B14E-46EE1406AE6D}.Debug|Any CPU.ActiveCfg = Debug|Any CPU
		{7929C025-4074-4453-B14E-46EE1406AE6D}.Debug|Any CPU.Build.0 = Debug|Any CPU
		{7929C025-4074-4453-B14E-46EE1406AE6D}.Debug|ARM.ActiveCfg = Debug|Any CPU
		{7929C025-4074-4453-B14E-46EE1406AE6D}.Debug|ARM.Build.0 = Debug|Any CPU
		{7929C025-4074-4453-B14E-46EE1406AE6D}.Debug|x64.ActiveCfg = Debug|Any CPU
		{7929C025-4074-4453-B14E-46EE1406AE6D}.Debug|x64.Build.0 = Debug|Any CPU
		{7929C025-4074-4453-B14E-46EE1406AE6D}.Debug|x86.ActiveCfg = Debug|Any CPU
		{7929C025-4074-4453-B14E-46EE1406AE6D}.Debug|x86.Build.0 = Debug|Any CPU
		{7929C025-4074-4453-B14E-46EE1406AE6D}.Release|Any CPU.ActiveCfg = Release|Any CPU
		{7929C025-4074-4453-B14E-46EE1406AE6D}.Release|Any CPU.Build.0 = Release|Any CPU
		{7929C025-4074-4453-B14E-46EE1406AE6D}.Release|ARM.ActiveCfg = Release|Any CPU
		{7929C025-4074-4453-B14E-46EE1406AE6D}.Release|ARM.Build.0 = Release|Any CPU
		{7929C025-4074-4453-B14E-46EE1406AE6D}.Release|x64.ActiveCfg = Release|Any CPU
		{7929C025-4074-4453-B14E-46EE1406AE6D}.Release|x64.Build.0 = Release|Any CPU
		{7929C025-4074-4453-B14E-46EE1406AE6D}.Release|x86.ActiveCfg = Release|Any CPU
		{7929C025-4074-4453-B14E-46EE1406AE6D}.Release|x86.Build.0 = Release|Any CPU
		{6B735D7E-4B89-4EDE-B37D-09FB9923373F}.Debug|Any CPU.ActiveCfg = Debug|Any CPU
		{6B735D7E-4B89-4EDE-B37D-09FB9923373F}.Debug|Any CPU.Build.0 = Debug|Any CPU
		{6B735D7E-4B89-4EDE-B37D-09FB9923373F}.Debug|ARM.ActiveCfg = Debug|Any CPU
		{6B735D7E-4B89-4EDE-B37D-09FB9923373F}.Debug|ARM.Build.0 = Debug|Any CPU
		{6B735D7E-4B89-4EDE-B37D-09FB9923373F}.Debug|x64.ActiveCfg = Debug|Any CPU
		{6B735D7E-4B89-4EDE-B37D-09FB9923373F}.Debug|x64.Build.0 = Debug|Any CPU
		{6B735D7E-4B89-4EDE-B37D-09FB9923373F}.Debug|x86.ActiveCfg = Debug|Any CPU
		{6B735D7E-4B89-4EDE-B37D-09FB9923373F}.Debug|x86.Build.0 = Debug|Any CPU
		{6B735D7E-4B89-4EDE-B37D-09FB9923373F}.Release|Any CPU.ActiveCfg = Release|Any CPU
		{6B735D7E-4B89-4EDE-B37D-09FB9923373F}.Release|Any CPU.Build.0 = Release|Any CPU
		{6B735D7E-4B89-4EDE-B37D-09FB9923373F}.Release|ARM.ActiveCfg = Release|Any CPU
		{6B735D7E-4B89-4EDE-B37D-09FB9923373F}.Release|ARM.Build.0 = Release|Any CPU
		{6B735D7E-4B89-4EDE-B37D-09FB9923373F}.Release|x64.ActiveCfg = Release|Any CPU
		{6B735D7E-4B89-4EDE-B37D-09FB9923373F}.Release|x64.Build.0 = Release|Any CPU
		{6B735D7E-4B89-4EDE-B37D-09FB9923373F}.Release|x86.ActiveCfg = Release|Any CPU
		{6B735D7E-4B89-4EDE-B37D-09FB9923373F}.Release|x86.Build.0 = Release|Any CPU
		{57EFD69E-5600-49FB-AFE0-E46ABE6D5A39}.Debug|Any CPU.ActiveCfg = Debug|Any CPU
		{57EFD69E-5600-49FB-AFE0-E46ABE6D5A39}.Debug|Any CPU.Build.0 = Debug|Any CPU
		{57EFD69E-5600-49FB-AFE0-E46ABE6D5A39}.Debug|ARM.ActiveCfg = Debug|Any CPU
		{57EFD69E-5600-49FB-AFE0-E46ABE6D5A39}.Debug|ARM.Build.0 = Debug|Any CPU
		{57EFD69E-5600-49FB-AFE0-E46ABE6D5A39}.Debug|x64.ActiveCfg = Debug|Any CPU
		{57EFD69E-5600-49FB-AFE0-E46ABE6D5A39}.Debug|x64.Build.0 = Debug|Any CPU
		{57EFD69E-5600-49FB-AFE0-E46ABE6D5A39}.Debug|x86.ActiveCfg = Debug|Any CPU
		{57EFD69E-5600-49FB-AFE0-E46ABE6D5A39}.Debug|x86.Build.0 = Debug|Any CPU
		{57EFD69E-5600-49FB-AFE0-E46ABE6D5A39}.Release|Any CPU.ActiveCfg = Release|Any CPU
		{57EFD69E-5600-49FB-AFE0-E46ABE6D5A39}.Release|Any CPU.Build.0 = Release|Any CPU
		{57EFD69E-5600-49FB-AFE0-E46ABE6D5A39}.Release|ARM.ActiveCfg = Release|Any CPU
		{57EFD69E-5600-49FB-AFE0-E46ABE6D5A39}.Release|ARM.Build.0 = Release|Any CPU
		{57EFD69E-5600-49FB-AFE0-E46ABE6D5A39}.Release|x64.ActiveCfg = Release|Any CPU
		{57EFD69E-5600-49FB-AFE0-E46ABE6D5A39}.Release|x64.Build.0 = Release|Any CPU
		{57EFD69E-5600-49FB-AFE0-E46ABE6D5A39}.Release|x86.ActiveCfg = Release|Any CPU
		{57EFD69E-5600-49FB-AFE0-E46ABE6D5A39}.Release|x86.Build.0 = Release|Any CPU
	EndGlobalSection
	GlobalSection(SolutionProperties) = preSolution
		HideSolutionNode = FALSE
	EndGlobalSection
	GlobalSection(NestedProjects) = preSolution
		{E13D686C-1E41-4AD8-B41B-D4E06FC85E91} = {F5347499-EBEB-47A9-A385-30E0F5FFB78F}
		{775DB3F4-D4B9-4F41-886A-17E1DCD4BA91} = {D94E1285-3841-4D2D-9423-B8E15C000E20}
		{EE4C3854-BCEC-4841-A58E-744F3C894E32} = {D94E1285-3841-4D2D-9423-B8E15C000E20}
		{7929C025-4074-4453-B14E-46EE1406AE6D} = {D94E1285-3841-4D2D-9423-B8E15C000E20}
		{D97C3BE0-507D-4BA3-BF8F-13D0E38F0034} = {FE121FB7-6937-4AF6-A383-A1548FC5D375}
		{6B735D7E-4B89-4EDE-B37D-09FB9923373F} = {FE121FB7-6937-4AF6-A383-A1548FC5D375}
		{57EFD69E-5600-49FB-AFE0-E46ABE6D5A39} = {FE121FB7-6937-4AF6-A383-A1548FC5D375}
	EndGlobalSection
EndGlobal
